
Microsoft Visual Studio Solution File, Format Version 12.00
# Visual Studio Version 16
VisualStudioVersion = 16.0.31624.102
MinimumVisualStudioVersion = 10.0.40219.1
Project("{FAE04EC0-301F-11D3-BF4B-00C04F79EFBC}") = "QuickSort", "QuickSort\QuickSort.csproj", "{B2F50A7E-BA34-4BC2-992B-D5B5B507A99D}"
EndProject
Global
	GlobalSection(SolutionConfigurationPlatforms) = preSolution
		Debug|Any CPU = Debug|Any CPU
		Release|Any CPU = Release|Any CPU
	EndGlobalSection
	GlobalSection(ProjectConfigurationPlatforms) = postSolution
		{B2F50A7E-BA34-4BC2-992B-D5B5B507A99D}.Debug|Any CPU.ActiveCfg = Debug|Any CPU
		{B2F50A7E-BA34-4BC2-992B-D5B5B507A99D}.Debug|Any CPU.Build.0 = Debug|Any CPU
		{B2F50A7E-BA34-4BC2-992B-D5B5B507A99D}.Release|Any CPU.ActiveCfg = Release|Any CPU
		{B2F50A7E-BA34-4BC2-992B-D5B5B507A99D}.Release|Any CPU.Build.0 = Release|Any CPU
	EndGlobalSection
	GlobalSection(SolutionProperties) = preSolution
		HideSolutionNode = FALSE
	EndGlobalSection
	GlobalSection(ExtensibilityGlobals) = postSolution
		SolutionGuid = {0A6E062E-6D3B-4751-ABCA-09A1B31FC8F3}
	EndGlobalSection
EndGlobal
